<?xml version="1.0" encoding="utf-8"?>
<Project ToolsVersion="4.0" xmlns="http://schemas.microsoft.com/developer/msbuild/2003">
  <ItemGroup>
    <Natvis Include="resource\NatVis\mlv_vis.natvis" />
    <Natvis Include="resource\NatVis\mlv_vis.natvis" />
  </ItemGroup>
  <ItemGroup>
    <FxCompile Include="resource\shader\Particles\ParticleGS.hlsl" />
    <FxCompile Include="resource\shader\Particles\ParticlePS.hlsl" />
    <FxCompile Include="resource\shader\Particles\ParticleVS.hlsl" />
    <FxCompile Include="resource\shader\PixelVertex.hlsl" />
    <Natvis Include="resource\NatVis\mlv_vis.natvis" />
    <Natvis Include="resource\NatVis\model_vis.natvis" />
    <FxCompile Include="resource\shader\TestVS.hlsl" />
    <FxCompile Include="resource\shader\TestSkelVS.hlsl" />
    <FxCompile Include="resource\shader\Particles\ParticleCS.hlsl" />
    <FxCompile Include="resource\shader\VertexShader.hlsl" />
    <FxCompile Include="resource\shader\PixelShader.hlsl" />
    <FxCompile Include="resource\shader\Particles\ParticleSamplerVS.hlsl" />
    <FxCompile Include="resource\shader\Particles\ParticleSamplerPS.hlsl" />
  </ItemGroup>
  <ItemGroup>
    <FxCompile Include="resource\shader\GICollisionPixel.hlsl" />
    <FxCompile Include="resource\shader\TestPS.hlsl" />
    <FxCompile Include="resource\shader\GICollisionVertex.hlsl" />
    <Filter Include="Source Files">
      <UniqueIdentifier>{4FC737F1-C7A5-4376-A066-2A32D752A2FF}</UniqueIdentifier>
      <Extensions>cpp;c;cc;cxx;c++;cppm;ixx;def;odl;idl;hpj;bat;asm;asmx</Extensions>
    </Filter>
    <Filter Include="Header Files">
      <UniqueIdentifier>{93995380-89BD-4b04-88EB-625FBE52EBFB}</UniqueIdentifier>
      <Extensions>h;hh;hpp;hxx;h++;hm;inl;inc;ipp;xsd</Extensions>
    </Filter>
    <Filter Include="Resource Files">
      <UniqueIdentifier>{67DA6AB6-F800-4c08-8B7A-83BB121AAD01}</UniqueIdentifier>
      <Extensions>rc;ico;cur;bmp;dlg;rc2;rct;bin;rgs;gif;jpg;jpeg;jpe;resx;tiff;tif;png;wav;mfcribbon-ms</Extensions>
    </Filter>
    <Filter Include="Source Files\D3D11Helper">
      <UniqueIdentifier>{fe3ca8f1-fe5f-4bfe-89a4-a7fd42d91e0c}</UniqueIdentifier>
    </Filter>
  </ItemGroup>
  <ItemGroup>
    <FxCompile Include="resource\shader\GICollisionPixel.hlsl" />
    <FxCompile Include="resource\shader\TestPS.hlsl" />
    <FxCompile Include="resource\shader\TestVS.hlsl" />
    <FxCompile Include="resource\shader\DebugHitboxGeometryShader.hlsl" />
    <FxCompile Include="resource\shader\DebugHitboxPixelShader.hlsl" />
    <FxCompile Include="resource\shader\DebugHitboxVertexShader.hlsl" />
    <FxCompile Include="resource\shader\UIPS.hlsl" />
    <FxCompile Include="resource\shader\UIVS.hlsl" />
  </ItemGroup>
  <ItemGroup>
    <ClCompile Include="source\Light.cpp" />
    <ClCompile Include="source\UI\UIRenderer.cpp" />
    <ClCompile Include="source\Collision.cpp" />
    <ClCompile Include="source\Particles.cpp" />
    <ClCompile Include="source\D3D11Helper\D3D11TextureHelper.cpp" />
    <ClCompile Include="source\CollisionFunctions\CommonCollisions.cpp" />
    <ClCompile Include="source\GeometryIndependent.cpp" />
    <ClCompile Include="source\Camera.cpp" />
    <ClCompile Include="source\Audio.cpp" />
    <ClCompile Include="source\CircularCollision.cpp" />
    <ClCompile Include="source\ConfigInterpreter.cpp" />
    <ClCompile Include="source\ConfigManager.cpp" />
    <ClCompile Include="source\ConvexCollision.cpp" />
    <ClCompile Include="source\D3D11Helper\D3D11Graphics.cpp" />
    <ClCompile Include="source\D3D11Helper\D3D11BufferHelper.cpp" />
    <ClCompile Include="source\D3D11Helper\D3D11RenderHelper.cpp" />
    <ClCompile Include="source\D3D11Helper\D3D11ShaderHelper.cpp" />
    <ClCompile Include="source\DeltaTime.cpp" />
    <ClCompile Include="source\GameRenderer.cpp" />
    <ClCompile Include="source\Hitbox.cpp" />
    <ClCompile Include="source\Main.cpp" />
    <ClCompile Include="source\Model.cpp" />
    <ClCompile Include="source\SDLHandler.cpp" />
    <ClCompile Include="source\UI\UI.cpp" />
    <ClCompile Include="source\UI\UIButton.cpp" />
    <ClCompile Include="source\UI\UIComponent.cpp" />
    <ClCompile Include="source\UI\UIImage.cpp" />
    <ClCompile Include="source\UI\UIText.cpp" />
    <ClCompile Include="source\STB_Helper.cpp" />
    <ClCompile Include="source\STB_Helper.cpp" />
    <ClCompile Include="source\Input.cpp" />
    <ClCompile Include="source\ModelComponent.cpp">
      <Filter>Source Files</Filter>
    </ClCompile>
    <ClCompile Include="header\Components\RenderableComponent.h">
      <Filter>Header Files</Filter>
    </ClCompile>
    <ClCompile Include="source\ProximityCollision.cpp">
      <Filter>Source Files</Filter>
    </ClCompile>
    <ClCompile Include="source\Registry.cpp">
      <Filter>Source Files</Filter>
    </ClCompile>
    <ClCompile Include="source\EntityFramework.cpp">
      <Filter>Source Files</Filter>
    </ClCompile>
    <ClCompile Include="source\Systems\OnClickSystem.cpp">
      <Filter>Source Files</Filter>
    </ClCompile>
    <ClCompile Include="source\Systems\RenderSystem.cpp">
      <Filter>Source Files</Filter>
    </ClCompile>
    <ClCompile Include="source\Systems\CollisionSystems.cpp">
      <Filter>Source Files</Filter>
    </ClCompile>
    <ClCompile Include="source\Systems\ControllerSystem.cpp">
      <Filter>Source Files</Filter>
    </ClCompile>
    <ClCompile Include="source\States\Menu.cpp">
      <Filter>Source Files</Filter>
    </ClCompile>
    <ClCompile Include="source\States\Pause.cpp">
      <Filter>Source Files</Filter>
    </ClCompile>
    <ClCompile Include="source\States\Settings.cpp">
      <Filter>Source Files</Filter>
    </ClCompile>
    <ClCompile Include="source\States\StateManager.cpp">
      <Filter>Source Files</Filter>
    </ClCompile>
    <ClCompile Include="source\States\Game.cpp">
      <Filter>Source Files</Filter>
    </ClCompile>
    <ClCompile Include="source\Systems\UISystems.cpp">
      <Filter>Source Files</Filter>
    </ClCompile>
    <ClCompile Include="source\Systems\CollisionSystems.cpp">
      <Filter>Source Files</Filter>
    </ClCompile>
    <ClCompile Include="source\Systems\ControllerSystem.cpp">
      <Filter>Source Files</Filter>
    </ClCompile>
    <ClCompile Include="source\Systems\CameraSystem.cpp">
      <Filter>Source Files</Filter>
    </ClCompile>
    <ClCompile Include="source\Animation.cpp">
      <Filter>Source Files</Filter>
    </ClCompile>
    <ClCompile Include="source\Systems\TransformSystem.cpp">
      <Filter>Source Files</Filter>
    </ClCompile>
    <ClCompile Include="source\Systems\ParticleSystemCPU.cpp">
      <Filter>Source Files</Filter>
    </ClCompile>
    <ClCompile Include="source\Systems\ParticleSystemGPU.cpp">
      <Filter>Source Files</Filter>
    </ClCompile>
    <ClCompile Include="source\Systems\EventSystem.cpp">
      <Filter>Source Files</Filter>
    </ClCompile>
    <ClCompile Include="source\EventFunctions\PlayerEvents.cpp">
      <Filter>Source Files</Filter>
    </ClCompile>
    <ClCompile Include="source\Hashing.cpp">
      <Filter>Source Files</Filter>
    </ClCompile>
    <ClCompile Include="source\EventFunctions\RandomPosition.cpp">
      <Filter>Source Files</Filter>
    </ClCompile>
    <ClCompile Include="source\MemLib_Extensions\ML_ComponentMap.cpp">
      <Filter>Source Files</Filter>
    </ClCompile>
    <ClCompile Include="source\ProximityHitboxEditor.cpp">
      <Filter>Source Files</Filter>
    </ClCompile>
    <ClCompile Include="source\Skynet\BehaviourHelper.cpp">
      <Filter>Source Files</Filter>
    </ClCompile>
    <ClCompile Include="source\Skynet\HellhoundBehaviourSystem.cpp">
      <Filter>Source Files</Filter>
    </ClCompile>
    <ClCompile Include="source\Skynet\SkeletonBehaviourSystem.cpp">
      <Filter>Source Files</Filter>
    </ClCompile>
    <ClCompile Include="source\States\CleanupMacros.cpp">
      <Filter>Source Files</Filter>
    </ClCompile>
    <ClCompile Include="source\UI\UIButtonFunctions.cpp">
      <Filter>Source Files</Filter>
    </ClCompile>
    <ClCompile Include="source\D3D11Helper\HolderFunctions.cpp">
      <Filter>Source Files</Filter>
    </ClCompile>
    <ClCompile Include="source\EventFunctions\EnemyEvents.cpp">
      <Filter>Source Files</Filter>
    </ClCompile>
    <ClCompile Include="source\EventFunctions\PortalEvents.cpp">
      <Filter>Source Files</Filter>
    </ClCompile>
    <ClCompile Include="source\Level\Level.cpp">
      <Filter>Source Files</Filter>
    </ClCompile>
    <ClCompile Include="source\Level\Level1.cpp">
      <Filter>Source Files</Filter>
    </ClCompile>
    <ClCompile Include="source\Level\Level2.cpp">
      <Filter>Source Files</Filter>
    </ClCompile>
    <ClCompile Include="source\Systems\StateSwitcherSystem.cpp">
      <Filter>Source Files</Filter>
    </ClCompile>
    <ClCompile Include="source\UIShopComponent.cpp">
      <Filter>Source Files</Filter>
    </ClCompile>
    <ClCompile Include="source\RelicFunctions.cpp">
      <Filter>Source Files</Filter>
    </ClCompile>
    <ClCompile Include="source\Relics\DemonBonemarrow.cpp">
      <Filter>Source Files</Filter>
    </ClCompile>
    <ClCompile Include="source\Relics\DemonHeart.cpp">
      <Filter>Source Files</Filter>
    </ClCompile>
    <ClCompile Include="source\Systems\DamageOverTimeSystem.cpp">
      <Filter>Source Files</Filter>
    </ClCompile>
    <ClCompile Include="source\Relics\FlameWeapon.cpp">
      <Filter>Header Files</Filter>
    </ClCompile>
    <ClCompile Include="source\Relics\SoulPower.cpp">
      <Filter>Source Files</Filter>
    </ClCompile>
    <ClCompile Include="source\ComponentHelper.cpp">
      <Filter>Source Files</Filter>
    </ClCompile>
    <ClCompile Include="source\Relics\SoulHealth.cpp">
      <Filter>Source Files</Filter>
    </ClCompile>
    <ClCompile Include="source\Relics\FrostFire.cpp">
      <Filter>Source Files</Filter>
    </ClCompile>
    <ClCompile Include="source\MouseComponent.cpp">
      <Filter>Source Files</Filter>
    </ClCompile>
    <ClCompile Include="source\EntityCreation\CreateStaticHazard.cpp">
      <Filter>Source Files</Filter>
    </ClCompile>
    <ClCompile Include="source\EventFunctions\EnemyPlayerEvents.cpp">
      <Filter>Source Files</Filter>
    </ClCompile>
    <ClCompile Include="source\EventFunctions\StaticHazardEvents.cpp">
      <Filter>Source Files</Filter>
    </ClCompile>
    <ClCompile Include="source\Level\LevelHelper.cpp">
      <Filter>Source Files</Filter>
    </ClCompile>
    <ClCompile Include="source\Skynet\TempBossBehaviourSystem.cpp">
      <Filter>Source Files</Filter>
    </ClCompile>
    <ClCompile Include="source\UIShopComponent.cpp">
      <Filter>Source Files</Filter>
    </ClCompile>
    <ClCompile Include="source\Level\Level4.cpp">
      <Filter>Source Files</Filter>
    </ClCompile>
    <ClCompile Include="source\Level\Shop.cpp">
      <Filter>Source Files</Filter>
    </ClCompile>
    <ClCompile Include="source\Components\KnockBackComponent.cpp">
      <Filter>Source Files</Filter>
    </ClCompile>
    <ClCompile Include="source\Level\Level3.cpp">
      <Filter>Source Files</Filter>
    </ClCompile>
    <ClCompile Include="source\Relics\LightningGod.cpp">
      <Filter>Source Files</Filter>
    </ClCompile>
    <ClCompile Include="source\Relics\SpeedyLittleDevil.cpp">
      <Filter>Source Files</Filter>
    </ClCompile>
    <ClCompile Include="source\Skynet\EyeBehaviourSystem.cpp">
      <Filter>Source Files</Filter>
    </ClCompile>
    <ClCompile Include="source\Systems\AudioSystem.cpp">
      <Filter>Source Files</Filter>
    </ClCompile>
    <ClCompile Include="source\Systems\KnockBackSystem.cpp">
      <Filter>Source Files</Filter>
    </ClCompile>
    <ClCompile Include="source\EventFunctions\AnimationFunctions.cpp">
      <Filter>Source Files</Filter>
    </ClCompile>
    <ClCompile Include="source\EventFunctions\FeedbackFunctions.cpp">
      <Filter>Source Files</Filter>
    </ClCompile>
    <ClCompile Include="source\EventFunctions\StatFunctions.cpp">
      <Filter>Source Files</Filter>
    </ClCompile>
    <ClCompile Include="source\Systems\ParticleSystem.cpp">
      <Filter>Source Files</Filter>
    </ClCompile>
    <ClCompile Include="source\Systems\Systems.cpp">
      <Filter>Source Files</Filter>
    </ClCompile>
    <ClCompile Include="source\UI\UIElement.cpp">
      <Filter>Source Files</Filter>
    </ClCompile>
    <ClCompile Include="source\Systems\OnHoverSystem.cpp">
      <Filter>Source Files</Filter>
    </ClCompile>
  </ItemGroup>
  <ItemGroup>
    <ClInclude Include="header\MemLib\ML_Map.hpp" />
    <ClInclude Include="header\MemLib\ML_String.hpp" />
    <ClInclude Include="header\Light.h" />
    <ClInclude Include="header\UI\UIRenderer.h" />
    <ClInclude Include="header\Camera.h" />
    <ClInclude Include="header\ComponentHelper.h" />
    <ClInclude Include="header\ConfigInterpreter.h" />
    <ClInclude Include="header\ConfigManager.h" />
    <ClInclude Include="header\Audio.h" />
    <ClInclude Include="header\D3D11Helper\D3D11Graphics.h" />
    <ClInclude Include="header\D3D11Helper\D3D11Helper.h" />
    <ClInclude Include="header\DeltaTime.h" />
    <ClInclude Include="header\EntityFramework.h" />
    <ClInclude Include="header\MemLib\ML_Vector.hpp" />
    <ClInclude Include="header\STB_Helper.h" />
    <ClInclude Include="lib\FPNG\fpng.h" />
    <ClInclude Include="header\GameRenderer.h" />
    <ClInclude Include="header\Model.h" />
    <ClInclude Include="header\Physics\Backend\CircularCollision.h" />
    <ClInclude Include="header\Physics\Backend\Collision.h" />
    <ClInclude Include="header\Physics\Backend\ConvexCollision.h" />
    <ClInclude Include="header\Physics\Backend\GeometryIndependent.h" />
    <ClInclude Include="header\Physics\CollisionFunctions.h" />
    <ClInclude Include="header\Physics\Hitbox.h" />
    <ClInclude Include="header\Particles.h" />
    <ClInclude Include="header\SDLHandler.h" />
    <ClInclude Include="header\UI\UI.h" />
    <ClInclude Include="header\UI\UIButton.h" />
    <ClInclude Include="header\UI\UIComponent.h" />
    <ClInclude Include="header\UI\UIImage.h" />
    <ClInclude Include="header\UI\UIText.h" />
    <ClInclude Include="lib\STB_Image\stb_image.h" />
    <ClInclude Include="resource.h" />
    <ClInclude Include="header\MemLib\ML_Array.hpp" />
    <ClInclude Include="header\Input.h" />
    <ClInclude Include="header\Components\ModelComponent.h">
      <Filter>Header Files</Filter>
    </ClInclude>
    <ClInclude Include="header\Components\Components.h">
      <Filter>Header Files</Filter>
    </ClInclude>
    <ClInclude Include="header\Physics\Backend\ProximityCollision.h">
      <Filter>Header Files</Filter>
    </ClInclude>
    <ClInclude Include="header\PoolUtility.hpp">
      <Filter>Header Files</Filter>
    </ClInclude>
    <ClInclude Include="header\Components\GeometryIndependentComponent.h">
      <Filter>Header Files</Filter>
    </ClInclude>
    <ClInclude Include="header\Format.h">
      <Filter>Header Files</Filter>
    </ClInclude>
    <ClInclude Include="header\Components\TransformComponent.h">
      <Filter>Header Files</Filter>
    </ClInclude>
    <ClInclude Include="header\Systems\Systems.h">
      <Filter>Header Files</Filter>
    </ClInclude>
    <ClInclude Include="header\Registry.h">
      <Filter>Header Files</Filter>
    </ClInclude>
    <ClInclude Include="header\States\Pause.h">
      <Filter>Header Files</Filter>
    </ClInclude>
    <ClInclude Include="header\States\StateManager.h">
      <Filter>Header Files</Filter>
    </ClInclude>
    <ClInclude Include="header\States\Game.h">
      <Filter>Header Files</Filter>
    </ClInclude>
    <ClInclude Include="header\States\Menu.h">
      <Filter>Header Files</Filter>
    </ClInclude>
    <ClInclude Include="header\States\StateEnums.h">
      <Filter>Header Files</Filter>
    </ClInclude>
    <ClInclude Include="header\States\Settings.h">
      <Filter>Header Files</Filter>
    </ClInclude>
    <ClInclude Include="header\Components\UIComponents\UIPlayerSoulsComponent.h">
      <Filter>Header Files</Filter>
    </ClInclude>
    <ClInclude Include="header\Components\UIComponents\UIBossHealthComponent.h">
      <Filter>Header Files</Filter>
    </ClInclude>
    <ClInclude Include="header\Components\UIComponents\UIPlayerRelicsComponent.h">
      <Filter>Header Files</Filter>
    </ClInclude>
    <ClInclude Include="header\Components\UIComponents\UIGameLevelComponent.h">
      <Filter>Header Files</Filter>
    </ClInclude>
    <ClInclude Include="header\Components\PointOfInterestComponent.h">
      <Filter>Header Files</Filter>
    </ClInclude>
    <ClInclude Include="header\Animation.hpp">
      <Filter>Header Files</Filter>
    </ClInclude>
    <ClInclude Include="header\Components\ParticleComponent.h">
      <Filter>Header Files</Filter>
    </ClInclude>
    <ClInclude Include="header\Components\TimedEventComponent.h">
      <Filter>Header Files</Filter>
    </ClInclude>
    <ClInclude Include="header\Components\AnimationComponent.h">
      <Filter>Header Files</Filter>
    </ClInclude>
    <ClInclude Include="header\Components\HitboxComponent.h">
      <Filter>Header Files</Filter>
    </ClInclude>
    <ClInclude Include="header\Components\UIComponents\UIHealthComponent.h">
      <Filter>Header Files</Filter>
    </ClInclude>
    <ClInclude Include="header\EventFunctions.h">
      <Filter>Header Files</Filter>
    </ClInclude>
    <ClInclude Include="header\Hashing.h">
      <Filter>Header Files</Filter>
    </ClInclude>
    <ClInclude Include="header\D3D11Helper\IDX_Types.h">
      <Filter>Header Files</Filter>
    </ClInclude>
    <ClInclude Include="header\MemLib\ML_ComponentMap.hpp">
      <Filter>Header Files</Filter>
    </ClInclude>
    <ClInclude Include="header\Physics\ProximityHitboxEditor.h">
      <Filter>Header Files</Filter>
    </ClInclude>
    <ClInclude Include="header\Skynet\BehaviourHelper.h">
      <Filter>Header Files</Filter>
    </ClInclude>
    <ClInclude Include="header\Skynet\HellhoundBehaviour.h">
      <Filter>Header Files</Filter>
    </ClInclude>
    <ClInclude Include="header\Skynet\SkeletonBehaviour.h">
      <Filter>Header Files</Filter>
    </ClInclude>
    <ClInclude Include="header\States\CleanupMacros.h">
      <Filter>Header Files</Filter>
    </ClInclude>
    <ClInclude Include="header\UI\UIButtonFunctions.h">
      <Filter>Header Files</Filter>
    </ClInclude>
    <ClInclude Include="header\Level.h">
      <Filter>Header Files</Filter>
    </ClInclude>
    <ClInclude Include="header\Levels\LevelLoader.h">
      <Filter>Header Files</Filter>
    </ClInclude>
    <ClInclude Include="header\Components\UIComponents\UIRelicComponent.h">
      <Filter>Header Files</Filter>
    </ClInclude>
    <ClInclude Include="header\Components\UIComponents\UIShopComponent.h">
      <Filter>Header Files</Filter>
    </ClInclude>
    <ClInclude Include="header\Skynet\EyeBehaviour.h">
      <Filter>Header Files</Filter>
    </ClInclude>
    <ClInclude Include="header\RelicFunctions.h">
      <Filter>Header Files</Filter>
    </ClInclude>
    <ClInclude Include="header\Relics\DemonBonemarrow.h">
      <Filter>Header Files</Filter>
    </ClInclude>
    <ClInclude Include="header\Relics\DemonHeart.h">
      <Filter>Header Files</Filter>
    </ClInclude>
    <ClInclude Include="header\Relics\FlameWeapon.h">
      <Filter>Header Files</Filter>
    </ClInclude>
    <ClInclude Include="header\Relics\RelicFuncInputTypes.h">
      <Filter>Header Files</Filter>
    </ClInclude>
    <ClInclude Include="header\Components\DamageOverTimeComponent.h">
      <Filter>Header Files</Filter>
    </ClInclude>
    <ClInclude Include="header\Relics\SoulPower.h">
      <Filter>Header Files</Filter>
    </ClInclude>
    <ClInclude Include="header\Relics\SoulHealth.h">
      <Filter>Header Files</Filter>
    </ClInclude>
    <ClInclude Include="header\Relics\FrostFire.h">
      <Filter>Header Files</Filter>
    </ClInclude>
    <ClInclude Include="header\Skynet\EyeBehaviour.h">
      <Filter>Header Files</Filter>
    </ClInclude>
    <ClInclude Include="header\Components\MouseComponent.h">
      <Filter>Header Files</Filter>
    </ClInclude>
    <ClInclude Include="header\AnimationType.h">
      <Filter>Header Files</Filter>
    </ClInclude>
    <ClInclude Include="header\Components\LightComponent.h">
      <Filter>Header Files</Filter>
    </ClInclude>
    <ClInclude Include="header\Components\UIComponents.h">
      <Filter>Header Files</Filter>
    </ClInclude>
    <ClInclude Include="header\EntityCreation.h">
      <Filter>Header Files</Filter>
    </ClInclude>
    <ClInclude Include="header\EntityID.h">
      <Filter>Header Files</Filter>
    </ClInclude>
    <ClInclude Include="header\Levels\LevelHelper.h">
      <Filter>Header Files</Filter>
    </ClInclude>
    <ClInclude Include="header\Skynet\TempBossBehaviour.h">
      <Filter>Header Files</Filter>
    </ClInclude>
    <ClInclude Include="header\Components\UIComponents\UIShopComponent.h">
      <Filter>Header Files</Filter>
    </ClInclude>
    <ClInclude Include="header\Components\KnockBackComponent.h">
      <Filter>Header Files</Filter>
    </ClInclude>
    <ClInclude Include="header\Relics\LightningGod.h">
      <Filter>Header Files</Filter>
    </ClInclude>
    <ClInclude Include="header\Relics\SpeedyLittleDevil.h">
      <Filter>Header Files</Filter>
    </ClInclude>
    <ClInclude Include="header\Components\ShopComponent.h">
      <Filter>Header Files</Filter>
    </ClInclude>
    <ClInclude Include="header\Components\SquashStretchComponent.h">
      <Filter>Header Files</Filter>
    </ClInclude>
    <ClInclude Include="header\Components\OnClickComponent.h">
      <Filter>Header Files</Filter>
    </ClInclude>
    <ClInclude Include="header\UI\UIElement.h">
      <Filter>Header Files</Filter>
    </ClInclude>
    <ClInclude Include="header\Components\UIComponents\UIHoverComponent.h">
      <Filter>Header Files</Filter>
    </ClInclude>
    <ClInclude Include="header\EnemyType.h">
      <Filter>Header Files</Filter>
    </ClInclude>
    <ClInclude Include="header\Components\UIComponents\UIButtonComponent.h">
      <Filter>Header Files</Filter>
    </ClInclude>
    <ClInclude Include="header\Components\OnHoverComponent.h">
      <Filter>Header Files</Filter>
    </ClInclude>
  </ItemGroup>
  <ItemGroup>
    <Library Include="lib\SDL2\lib\x64\SDL2.lib" />
    <Library Include="lib\SDL2\lib\x64\SDL2main.lib" />
    <Library Include="lib\SDL2\lib\x64\SDL2test.lib" />
  </ItemGroup>
  <ItemGroup>
    <ResourceCompile Include="DamnedSoul.rc" />
  </ItemGroup>
  <ItemGroup>
    <Image Include="resource\DamnedSoul.ico" />
    <Image Include="resource\DamnedSoulsIcon.png" />
    <Image Include="resource\skill-icons_05.ico">
      <Filter>Resource Files</Filter>
    </Image>
  </ItemGroup>
  <ItemGroup>
    <None Include="bin\SDL2.dll" />
    <None Include="lib\SDL2\lib\x64\SDL2.dll" />
  </ItemGroup>
</Project>