<?xml version="1.0" encoding="utf-8"?>
<Project ToolsVersion="4.0" xmlns="http://schemas.microsoft.com/developer/msbuild/2003">
  <ItemGroup>
    <Natvis Include="resource\NatVis\mlv_vis.natvis" />
    <Natvis Include="resource\NatVis\mlv_vis.natvis" />
  </ItemGroup>
  <ItemGroup>
    <FxCompile Include="resource\shader\ParticleGS.hlsl" />
    <FxCompile Include="resource\shader\ParticlePS.hlsl" />
    <FxCompile Include="resource\shader\ParticleVS.hlsl" />
    <FxCompile Include="resource\shader\PixelVertex.hlsl" />
    <FxCompile Include="resource\shader\GICollisionPixel.hlsl" />
    <FxCompile Include="resource\shader\ParticleSmoke.hlsl" />
    <FxCompile Include="resource\shader\TestPS.hlsl" />
    <FxCompile Include="resource\shader\TestVS.hlsl" />
    <FxCompile Include="resource\shader\DebugHitboxGeometryShader.hlsl" />
    <FxCompile Include="resource\shader\DebugHitboxPixelShader.hlsl" />
    <FxCompile Include="resource\shader\DebugHitboxVertexShader.hlsl" />
    <FxCompile Include="resource\shader\UIPS.hlsl" />
    <FxCompile Include="resource\shader\UIVS.hlsl" />
    <FxCompile Include="resource\shader\VertexShader.hlsl" />
  </ItemGroup>
  <ItemGroup>
    <ClCompile Include="source\Lighting.cpp" />
    <ClCompile Include="source\UIRenderer.cpp" />
    <ClCompile Include="source\ExampleMenu.cpp" />
    <ClCompile Include="source\Collision.cpp" />
    <ClCompile Include="source\Particles.cpp" />
    <ClCompile Include="source\D3D11Helper\D3D11TextureHelper.cpp" />
    <ClCompile Include="source\States_&amp;_Scenes\Game.cpp" />
    <ClCompile Include="source\States_&amp;_Scenes\Level.cpp" />
    <ClCompile Include="source\States_&amp;_Scenes\Menu.cpp" />
    <ClCompile Include="source\ButtonManager.cpp" />
    <ClCompile Include="source\SceneManager.cpp" />
    <ClCompile Include="source\States_&amp;_Scenes\Settings.cpp" />
    <ClCompile Include="source\States_&amp;_Scenes\Shop.cpp" />
    <ClCompile Include="source\StateManager.cpp" />
    <ClCompile Include="source\CollisionFunctions\CommonCollisions.cpp" />
    <ClCompile Include="source\GeometryIndependent.cpp" />
    <ClCompile Include="source\Camera.cpp" />
    <ClCompile Include="source\Audio.cpp" />
    <ClCompile Include="source\CircularCollision.cpp" />
    <ClCompile Include="source\ConfigInterpreter.cpp" />
    <ClCompile Include="source\ConfigManager.cpp" />
    <ClCompile Include="source\ConvexCollision.cpp" />
    <ClCompile Include="source\D3D11Helper\D3D11Graphics.cpp" />
    <ClCompile Include="source\D3D11Helper\D3D11BufferHelper.cpp" />
    <ClCompile Include="source\D3D11Helper\D3D11RenderHelper.cpp" />
    <ClCompile Include="source\D3D11Helper\D3D11ShaderHelper.cpp" />
    <ClCompile Include="source\DeltaTime.cpp" />
    <ClCompile Include="source\GameRenderer.cpp" />
    <ClCompile Include="source\Hitbox.cpp" />
    <ClCompile Include="source\Main.cpp" />
    <ClCompile Include="source\Model.cpp" />
    <ClCompile Include="source\SDLHandler.cpp" />
    <ClCompile Include="source\UI.cpp" />
    <ClCompile Include="source\UIButton.cpp" />
    <ClCompile Include="source\UICanvas.cpp" />
    <ClCompile Include="source\UIComponent.cpp" />
    <ClCompile Include="source\UIImage.cpp" />
    <ClCompile Include="source\UIText.cpp" />
    <ClCompile Include="source\STB_Helper.cpp" />
    <ClCompile Include="source\STB_Helper.cpp" />
    <ClCompile Include="source\CompCount.cpp" />
  </ItemGroup>
  <ItemGroup>
    <ClInclude Include="header\MemLib\ML_Map.hpp" />
    <ClInclude Include="header\MemLib\ML_String.hpp" />
    <ClInclude Include="header\Lighting.h" />
    <ClInclude Include="header\PoolUtility.hpp" />
    <ClInclude Include="header\UIRenderer.h" />
    <ClInclude Include="header\ExampleMenu.h" />
    <ClInclude Include="header\Camera.h" />
    <ClInclude Include="header\ComponentHelper.h" />
    <ClInclude Include="header\ConfigInterpreter.h" />
    <ClInclude Include="header\ConfigManager.h" />
    <ClInclude Include="header\Audio.h" />
    <ClInclude Include="header\D3D11Graphics.h" />
    <ClInclude Include="header\D3D11Helper.h" />
    <ClInclude Include="header\DeltaTime.h" />
    <ClInclude Include="header\EntityFramework.h" />
    <ClInclude Include="header\MemLib\ML_Vector.hpp" />
    <ClInclude Include="header\STB_Helper.h" />
    <ClInclude Include="lib\FPNG\fpng.h" />
    <ClInclude Include="header\GameRenderer.h" />
    <ClInclude Include="header\Model.h" />
    <ClInclude Include="header\Physics\Backend\CircularCollision.h" />
    <ClInclude Include="header\Physics\Backend\Collision.h" />
    <ClInclude Include="header\Physics\Backend\ConvexCollision.h" />
    <ClInclude Include="header\Physics\Backend\GeometryIndependent.h" />
    <ClInclude Include="header\Physics\CollisionFunctions.h" />
    <ClInclude Include="header\Physics\Hitbox.h" />
    <ClInclude Include="header\Particles.h" />
    <ClInclude Include="header\ButtonManager.h" />
    <ClInclude Include="header\States_&amp;_Scenes\Level.h" />
    <ClInclude Include="header\States_&amp;_Scenes\SceneManager.h" />
    <ClInclude Include="header\States_&amp;_Scenes\SceneEnums.h" />
    <ClInclude Include="header\SDLHandler.h" />
    <ClInclude Include="header\UI.h" />
    <ClInclude Include="header\UIButton.h" />
    <ClInclude Include="header\UICanvas.h" />
    <ClInclude Include="header\UIComponent.h" />
    <ClInclude Include="header\UIImage.h" />
    <ClInclude Include="header\UIText.h" />
    <ClInclude Include="header\States_&amp;_Scenes\Shop.h" />
    <ClInclude Include="header\States_&amp;_Scenes\StateManager.h" />
    <ClInclude Include="header\States_&amp;_Scenes\Game.h" />
    <ClInclude Include="header\States_&amp;_Scenes\Menu.h" />
    <ClInclude Include="header\States_&amp;_Scenes\StateEnums.h" />
    <ClInclude Include="header\States_&amp;_Scenes\Settings.h" />
    <ClInclude Include="lib\STB_Image\stb_image.h" />
    <ClInclude Include="resource.h" />
    <ClInclude Include="source\States.h" />
  </ItemGroup>
  <ItemGroup>
    <Library Include="lib\SDL2\lib\x64\SDL2.lib" />
    <Library Include="lib\SDL2\lib\x64\SDL2main.lib" />
    <Library Include="lib\SDL2\lib\x64\SDL2test.lib" />
  </ItemGroup>
  <ItemGroup>
    <ResourceCompile Include="DamnedSoul.rc" />
  </ItemGroup>
  <ItemGroup>
    <Image Include="icon1.ico" />
    <Image Include="icon2.ico" />
    <Image Include="resource\DamnedSoul.ico" />
    <Image Include="resource\DamnedSoulsIcon.png" />
  </ItemGroup>
  <ItemGroup>
    <None Include="bin\SDL2.dll" />
    <None Include="lib\SDL2\lib\x64\SDL2.dll" />
  </ItemGroup>
</Project>