<?xml version="1.0" encoding="utf-8"?>
<Project ToolsVersion="4.0" xmlns="http://schemas.microsoft.com/developer/msbuild/2003">
  <ItemGroup>
    <FxCompile Include="resource\shader\TestPS.hlsl" />
    <FxCompile Include="resource\shader\TestVS.hlsl" />
    <FxCompile Include="resource\shader\DebugHitboxGeometryShader.hlsl" />
    <FxCompile Include="resource\shader\DebugHitboxPixelShader.hlsl" />
    <FxCompile Include="resource\shader\DebugHitboxVertexShader.hlsl" />
    <FxCompile Include="resource\shader\VertexShader.hlsl" />
  </ItemGroup>
  <ItemGroup>
    <ClCompile Include="source\UIRenderer.cpp" />
    <ClCompile Include="source\ExampleMenu.cpp" />
    <ClCompile Include="source\Camera.cpp" />
    <ClCompile Include="source\Audio.cpp" />
    <ClCompile Include="source\ConfigInterpreter.cpp" />
    <ClCompile Include="source\ConfigManager.cpp" />
    <ClCompile Include="source\D3D11Graphics.cpp" />
    <ClCompile Include="source\D3D11Helper\D3D11BufferHelper.cpp" />
    <ClCompile Include="source\D3D11Helper\D3D11RenderHelper.cpp" />
    <ClCompile Include="source\D3D11Helper\D3D11ShaderHelper.cpp" />
    <ClCompile Include="source\DeltaTime.cpp" />
    <ClCompile Include="source\GameRenderer.cpp" />
    <ClCompile Include="source\Hitbox.cpp" />
    <ClCompile Include="source\Input.cpp" />
    <ClCompile Include="source\Main.cpp" />
    <ClCompile Include="source\SDLHandler.cpp" />
    <ClCompile Include="source\UI.cpp" />
    <ClCompile Include="source\UIButton.cpp" />
    <ClCompile Include="source\UICanvas.cpp" />
    <ClCompile Include="source\UIComponent.cpp" />
    <ClCompile Include="source\UIImage.cpp" />
    <ClCompile Include="source\UIText.cpp" />
  </ItemGroup>
  <ItemGroup>
    <ClInclude Include="header\UIRenderer.h" />
    <ClInclude Include="header\ExampleMenu.h" />
    <ClInclude Include="header\Camera.h" />
    <ClInclude Include="header\Colission.h" />
    <ClInclude Include="header\ComponentHelper.h" />
    <ClInclude Include="header\ConfigInterpreter.h" />
    <ClInclude Include="header\ConfigManager.h" />
    <ClInclude Include="header\Audio.h" />
    <ClInclude Include="header\D3D11Graphics.h" />
    <ClInclude Include="header\D3D11Helper.h" />
    <ClInclude Include="header\DeltaTime.h" />
    <ClInclude Include="header\EntityFramework.h" />
    <ClInclude Include="header\GameRenderer.h" />
    <ClInclude Include="header\Hitbox.h" />
    <ClInclude Include="header\Input.h" />
    <ClInclude Include="header\SDLHandler.h" />
    <ClInclude Include="header\UI.h" />
    <ClInclude Include="header\UIButton.h" />
    <ClInclude Include="header\UICanvas.h" />
    <ClInclude Include="header\UIComponent.h" />
    <ClInclude Include="header\UIImage.h" />
    <ClInclude Include="header\UIText.h" />
    <ClInclude Include="source\Colission.cpp" />
  </ItemGroup>
  <ItemGroup>
    <Library Include="lib\SDL2\lib\x64\SDL2.lib" />
    <Library Include="lib\SDL2\lib\x64\SDL2main.lib" />
    <Library Include="lib\SDL2\lib\x64\SDL2test.lib" />
  </ItemGroup>
  <ItemGroup>
    <None Include="bin\SDL2.dll" />
    <None Include="lib\SDL2\lib\x64\SDL2.dll" />
  </ItemGroup>
</Project>